{
  "name": "screeps-profiler",
  "version": "2.0.1",
  "lockfileVersion": 3,
  "requires": true,
  "packages": {
    "": {
      "name": "screeps-profiler",
      "version": "2.0.1",
      "license": "ISC",
      "devDependencies": {
        "@types/lodash": "^3.10.9",
        "@types/screeps": "^3.3.7",
        "typescript": "^5.3.3"
      }
    },
    "node_modules/@types/lodash": {
      "version": "3.10.9",
      "resolved": "https://registry.npmjs.org/@types/lodash/-/lodash-3.10.9.tgz",
      "integrity": "sha512-BqzpDcDNIj0D15QezYF2C8OhOZVsm3g9Y6bLfXC6jO+wgxDGdCJlzge9OqnI0RezYJNsfsGXovhb3zTZjHpiCA==",
      "dev": true
    },
    "node_modules/@types/screeps": {
      "version": "3.3.7",
      "resolved": "https://registry.npmjs.org/@types/screeps/-/screeps-3.3.7.tgz",
      "integrity": "sha512-XS1dh2+MqPQoBvmLNrR8YwxiueSBx8B9RShrH9E+c6gfxBy8VTNaqrbPNtGnqLImHzwCSRNAZiMAF+iUejeZMw==",
      "dev": true
    },
    "node_modules/typescript": {
      "version": "5.3.3",
      "resolved": "https://registry.npmjs.org/typescript/-/typescript-5.3.3.tgz",
      "integrity": "sha512-pXWcraxM0uxAS+tN0AG/BF2TyqmHO014Z070UsJ+pFvYuRSq8KH8DmWpnbXe0pEPDHXZV3FcAbJkijJ5oNEnWw==",
      "dev": true,
      "bin": {
        "tsc": "bin/tsc",
        "tsserver": "bin/tsserver"
      },
      "engines": {
        "node": ">=14.17"
      }
    }
  }
}
